
Microsoft Visual Studio Solution File, Format Version 12.00
# Visual Studio Version 16
VisualStudioVersion = 16.0.32106.194
MinimumVisualStudioVersion = 10.0.40219.1
Project("{FAE04EC0-301F-11D3-BF4B-00C04F79EFBC}") = "DropDown", "DropDown\DropDown.csproj", "{88D78A81-2723-4842-BB94-833EE23E6512}"
EndProject
Global
	GlobalSection(SolutionConfigurationPlatforms) = preSolution
		Debug|Any CPU = Debug|Any CPU
		Release|Any CPU = Release|Any CPU
	EndGlobalSection
	GlobalSection(ProjectConfigurationPlatforms) = postSolution
		{88D78A81-2723-4842-BB94-833EE23E6512}.Debug|Any CPU.ActiveCfg = Debug|Any CPU
		{88D78A81-2723-4842-BB94-833EE23E6512}.Debug|Any CPU.Build.0 = Debug|Any CPU
		{88D78A81-2723-4842-BB94-833EE23E6512}.Release|Any CPU.ActiveCfg = Release|Any CPU
		{88D78A81-2723-4842-BB94-833EE23E6512}.Release|Any CPU.Build.0 = Release|Any CPU
	EndGlobalSection
	GlobalSection(SolutionProperties) = preSolution
		HideSolutionNode = FALSE
	EndGlobalSection
	GlobalSection(ExtensibilityGlobals) = postSolution
		SolutionGuid = {998DCD71-B7B3-45EB-977A-4304309D78A0}
	EndGlobalSection
EndGlobal
